// !$*UTF8*$!
{
	archiveVersion = 1;
	classes = {
	};
	objectVersion = 46;
	objects = {

/* Begin PBXBuildFile section */
		8AF8187C1CAF402E00B12A1E /* AppDelegate.swift in Sources */ = {isa = PBXBuildFile; fileRef = 8AF8187B1CAF402E00B12A1E /* AppDelegate.swift */; };
		8AF8187E1CAF402E00B12A1E /* ViewController.swift in Sources */ = {isa = PBXBuildFile; fileRef = 8AF8187D1CAF402E00B12A1E /* ViewController.swift */; };
		8AF818811CAF402E00B12A1E /* Main.storyboard in Resources */ = {isa = PBXBuildFile; fileRef = 8AF8187F1CAF402E00B12A1E /* Main.storyboard */; };
		8AF818841CAF402E00B12A1E /* Gludos.xcdatamodeld in Sources */ = {isa = PBXBuildFile; fileRef = 8AF818821CAF402E00B12A1E /* Gludos.xcdatamodeld */; };
		8AF818861CAF402E00B12A1E /* Assets.xcassets in Resources */ = {isa = PBXBuildFile; fileRef = 8AF818851CAF402E00B12A1E /* Assets.xcassets */; };
		8AF818891CAF402E00B12A1E /* LaunchScreen.storyboard in Resources */ = {isa = PBXBuildFile; fileRef = 8AF818871CAF402E00B12A1E /* LaunchScreen.storyboard */; };
		8AF818941CAF402F00B12A1E /* GludosTests.swift in Sources */ = {isa = PBXBuildFile; fileRef = 8AF818931CAF402F00B12A1E /* GludosTests.swift */; };
		8AF8189F1CAF402F00B12A1E /* GludosUITests.swift in Sources */ = {isa = PBXBuildFile; fileRef = 8AF8189E1CAF402F00B12A1E /* GludosUITests.swift */; };
/* End PBXBuildFile section */

/* Begin PBXContainerItemProxy section */
		8AF818901CAF402F00B12A1E /* PBXContainerItemProxy */ = {
			isa = PBXContainerItemProxy;
			containerPortal = 8AF818701CAF402E00B12A1E /* Project object */;
			proxyType = 1;
			remoteGlobalIDString = 8AF818771CAF402E00B12A1E;
			remoteInfo = Gludos;
		};
		8AF8189B1CAF402F00B12A1E /* PBXContainerItemProxy */ = {
			isa = PBXContainerItemProxy;
			containerPortal = 8AF818701CAF402E00B12A1E /* Project object */;
			proxyType = 1;
			remoteGlobalIDString = 8AF818771CAF402E00B12A1E;
			remoteInfo = Gludos;
		};
/* End PBXContainerItemProxy section */

/* Begin PBXFileReference section */
		8AF818781CAF402E00B12A1E /* Gludos.app */ = {isa = PBXFileReference; explicitFileType = wrapper.application; includeInIndex = 0; path = Gludos.app; sourceTree = BUILT_PRODUCTS_DIR; };
		8AF8187B1CAF402E00B12A1E /* AppDelegate.swift */ = {isa = PBXFileReference; lastKnownFileType = sourcecode.swift; path = AppDelegate.swift; sourceTree = "<group>"; };
		8AF8187D1CAF402E00B12A1E /* ViewController.swift */ = {isa = PBXFileReference; lastKnownFileType = sourcecode.swift; path = ViewController.swift; sourceTree = "<group>"; };
		8AF818801CAF402E00B12A1E /* Base */ = {isa = PBXFileReference; lastKnownFileType = file.storyboard; name = Base; path = Base.lproj/Main.storyboard; sourceTree = "<group>"; };
		8AF818831CAF402E00B12A1E /* Gludos.xcdatamodel */ = {isa = PBXFileReference; lastKnownFileType = wrapper.xcdatamodel; path = Gludos.xcdatamodel; sourceTree = "<group>"; };
		8AF818851CAF402E00B12A1E /* Assets.xcassets */ = {isa = PBXFileReference; lastKnownFileType = folder.assetcatalog; path = Assets.xcassets; sourceTree = "<group>"; };
		8AF818881CAF402E00B12A1E /* Base */ = {isa = PBXFileReference; lastKnownFileType = file.storyboard; name = Base; path = Base.lproj/LaunchScreen.storyboard; sourceTree = "<group>"; };
		8AF8188A1CAF402E00B12A1E /* Info.plist */ = {isa = PBXFileReference; lastKnownFileType = text.plist.xml; path = Info.plist; sourceTree = "<group>"; };
		8AF8188F1CAF402F00B12A1E /* GludosTests.xctest */ = {isa = PBXFileReference; explicitFileType = wrapper.cfbundle; includeInIndex = 0; path = GludosTests.xctest; sourceTree = BUILT_PRODUCTS_DIR; };
		8AF818931CAF402F00B12A1E /* GludosTests.swift */ = {isa = PBXFileReference; lastKnownFileType = sourcecode.swift; path = GludosTests.swift; sourceTree = "<group>"; };
		8AF818951CAF402F00B12A1E /* Info.plist */ = {isa = PBXFileReference; lastKnownFileType = text.plist.xml; path = Info.plist; sourceTree = "<group>"; };
		8AF8189A1CAF402F00B12A1E /* GludosUITests.xctest */ = {isa = PBXFileReference; explicitFileType = wrapper.cfbundle; includeInIndex = 0; path = GludosUITests.xctest; sourceTree = BUILT_PRODUCTS_DIR; };
		8AF8189E1CAF402F00B12A1E /* GludosUITests.swift */ = {isa = PBXFileReference; lastKnownFileType = sourcecode.swift; path = GludosUITests.swift; sourceTree = "<group>"; };
		8AF818A01CAF402F00B12A1E /* Info.plist */ = {isa = PBXFileReference; lastKnownFileType = text.plist.xml; path = Info.plist; sourceTree = "<group>"; };
/* End PBXFileReference section */

/* Begin PBXFrameworksBuildPhase section */
		8AF818751CAF402E00B12A1E /* Frameworks */ = {
			isa = PBXFrameworksBuildPhase;
			buildActionMask = 2147483647;
			files = (
			);
			runOnlyForDeploymentPostprocessing = 0;
		};
		8AF8188C1CAF402F00B12A1E /* Frameworks */ = {
			isa = PBXFrameworksBuildPhase;
			buildActionMask = 2147483647;
			files = (
			);
			runOnlyForDeploymentPostprocessing = 0;
		};
		8AF818971CAF402F00B12A1E /* Frameworks */ = {
			isa = PBXFrameworksBuildPhase;
			buildActionMask = 2147483647;
			files = (
			);
			runOnlyForDeploymentPostprocessing = 0;
		};
/* End PBXFrameworksBuildPhase section */

/* Begin PBXGroup section */
		8AF8186F1CAF402E00B12A1E = {
			isa = PBXGroup;
			children = (
				8AF8187A1CAF402E00B12A1E /* Gludos */,
				8AF818921CAF402F00B12A1E /* GludosTests */,
				8AF8189D1CAF402F00B12A1E /* GludosUITests */,
				8AF818791CAF402E00B12A1E /* Products */,
			);
			sourceTree = "<group>";
		};
		8AF818791CAF402E00B12A1E /* Products */ = {
			isa = PBXGroup;
			children = (
				8AF818781CAF402E00B12A1E /* Gludos.app */,
				8AF8188F1CAF402F00B12A1E /* GludosTests.xctest */,
				8AF8189A1CAF402F00B12A1E /* GludosUITests.xctest */,
			);
			name = Products;
			sourceTree = "<group>";
		};
		8AF8187A1CAF402E00B12A1E /* Gludos */ = {
			isa = PBXGroup;
			children = (
				8AF8187B1CAF402E00B12A1E /* AppDelegate.swift */,
				8AF8187D1CAF402E00B12A1E /* ViewController.swift */,
				8AF8187F1CAF402E00B12A1E /* Main.storyboard */,
				8AF818851CAF402E00B12A1E /* Assets.xcassets */,
				8AF818871CAF402E00B12A1E /* LaunchScreen.storyboard */,
				8AF8188A1CAF402E00B12A1E /* Info.plist */,
				8AF818821CAF402E00B12A1E /* Gludos.xcdatamodeld */,
			);
			path = Gludos;
			sourceTree = "<group>";
		};
		8AF818921CAF402F00B12A1E /* GludosTests */ = {
			isa = PBXGroup;
			children = (
				8AF818931CAF402F00B12A1E /* GludosTests.swift */,
				8AF818951CAF402F00B12A1E /* Info.plist */,
			);
			path = GludosTests;
			sourceTree = "<group>";
		};
		8AF8189D1CAF402F00B12A1E /* GludosUITests */ = {
			isa = PBXGroup;
			children = (
				8AF8189E1CAF402F00B12A1E /* GludosUITests.swift */,
				8AF818A01CAF402F00B12A1E /* Info.plist */,
			);
			path = GludosUITests;
			sourceTree = "<group>";
		};
/* End PBXGroup section */

/* Begin PBXNativeTarget section */
		8AF818771CAF402E00B12A1E /* Gludos */ = {
			isa = PBXNativeTarget;
			buildConfigurationList = 8AF818A31CAF402F00B12A1E /* Build configuration list for PBXNativeTarget "Gludos" */;
			buildPhases = (
				8AF818741CAF402E00B12A1E /* Sources */,
				8AF818751CAF402E00B12A1E /* Frameworks */,
				8AF818761CAF402E00B12A1E /* Resources */,
			);
			buildRules = (
			);
			dependencies = (
			);
			name = Gludos;
			productName = Gludos;
			productReference = 8AF818781CAF402E00B12A1E /* Gludos.app */;
			productType = "com.apple.product-type.application";
		};
		8AF8188E1CAF402F00B12A1E /* GludosTests */ = {
			isa = PBXNativeTarget;
			buildConfigurationList = 8AF818A61CAF402F00B12A1E /* Build configuration list for PBXNativeTarget "GludosTests" */;
			buildPhases = (
				8AF8188B1CAF402F00B12A1E /* Sources */,
				8AF8188C1CAF402F00B12A1E /* Frameworks */,
				8AF8188D1CAF402F00B12A1E /* Resources */,
			);
			buildRules = (
			);
			dependencies = (
				8AF818911CAF402F00B12A1E /* PBXTargetDependency */,
			);
			name = GludosTests;
			productName = GludosTests;
			productReference = 8AF8188F1CAF402F00B12A1E /* GludosTests.xctest */;
			productType = "com.apple.product-type.bundle.unit-test";
		};
		8AF818991CAF402F00B12A1E /* GludosUITests */ = {
			isa = PBXNativeTarget;
			buildConfigurationList = 8AF818A91CAF402F00B12A1E /* Build configuration list for PBXNativeTarget "GludosUITests" */;
			buildPhases = (
				8AF818961CAF402F00B12A1E /* Sources */,
				8AF818971CAF402F00B12A1E /* Frameworks */,
				8AF818981CAF402F00B12A1E /* Resources */,
			);
			buildRules = (
			);
			dependencies = (
				8AF8189C1CAF402F00B12A1E /* PBXTargetDependency */,
			);
			name = GludosUITests;
			productName = GludosUITests;
			productReference = 8AF8189A1CAF402F00B12A1E /* GludosUITests.xctest */;
			productType = "com.apple.product-type.bundle.ui-testing";
		};
/* End PBXNativeTarget section */

/* Begin PBXProject section */
		8AF818701CAF402E00B12A1E /* Project object */ = {
			isa = PBXProject;
			attributes = {
				LastSwiftUpdateCheck = 0730;
				LastUpgradeCheck = 0730;
				ORGANIZATIONNAME = "Keaton Burleson";
				TargetAttributes = {
					8AF818771CAF402E00B12A1E = {
						CreatedOnToolsVersion = 7.3;
					};
					8AF8188E1CAF402F00B12A1E = {
						CreatedOnToolsVersion = 7.3;
						TestTargetID = 8AF818771CAF402E00B12A1E;
					};
					8AF818991CAF402F00B12A1E = {
						CreatedOnToolsVersion = 7.3;
						TestTargetID = 8AF818771CAF402E00B12A1E;
					};
				};
			};
			buildConfigurationList = 8AF818731CAF402E00B12A1E /* Build configuration list for PBXProject "Gludos" */;
			compatibilityVersion = "Xcode 3.2";
			developmentRegion = English;
			hasScannedForEncodings = 0;
			knownRegions = (
				en,
				Base,
			);
			mainGroup = 8AF8186F1CAF402E00B12A1E;
			productRefGroup = 8AF818791CAF402E00B12A1E /* Products */;
			projectDirPath = "";
			projectRoot = "";
			targets = (
				8AF818771CAF402E00B12A1E /* Gludos */,
				8AF8188E1CAF402F00B12A1E /* GludosTests */,
				8AF818991CAF402F00B12A1E /* GludosUITests */,
			);
		};
/* End PBXProject section */

/* Begin PBXResourcesBuildPhase section */
		8AF818761CAF402E00B12A1E /* Resources */ = {
			isa = PBXResourcesBuildPhase;
			buildActionMask = 2147483647;
			files = (
				8AF818891CAF402E00B12A1E /* LaunchScreen.storyboard in Resources */,
				8AF818861CAF402E00B12A1E /* Assets.xcassets in Resources */,
				8AF818811CAF402E00B12A1E /* Main.storyboard in Resources */,
			);
			runOnlyForDeploymentPostprocessing = 0;
		};
		8AF8188D1CAF402F00B12A1E /* Resources */ = {
			isa = PBXResourcesBuildPhase;
			buildActionMask = 2147483647;
			files = (
			);
			runOnlyForDeploymentPostprocessing = 0;
		};
		8AF818981CAF402F00B12A1E /* Resources */ = {
			isa = PBXResourcesBuildPhase;
			buildActionMask = 2147483647;
			files = (
			);
			runOnlyForDeploymentPostprocessing = 0;
		};
/* End PBXResourcesBuildPhase section */

/* Begin PBXSourcesBuildPhase section */
		8AF818741CAF402E00B12A1E /* Sources */ = {
			isa = PBXSourcesBuildPhase;
			buildActionMask = 2147483647;
			files = (
				8AF818841CAF402E00B12A1E /* Gludos.xcdatamodeld in Sources */,
				8AF8187E1CAF402E00B12A1E /* ViewController.swift in Sources */,
				8AF8187C1CAF402E00B12A1E /* AppDelegate.swift in Sources */,
			);
			runOnlyForDeploymentPostprocessing = 0;
		};
		8AF8188B1CAF402F00B12A1E /* Sources */ = {
			isa = PBXSourcesBuildPhase;
			buildActionMask = 2147483647;
			files = (
				8AF818941CAF402F00B12A1E /* GludosTests.swift in Sources */,
			);
			runOnlyForDeploymentPostprocessing = 0;
		};
		8AF818961CAF402F00B12A1E /* Sources */ = {
			isa = PBXSourcesBuildPhase;
			buildActionMask = 2147483647;
			files = (
				8AF8189F1CAF402F00B12A1E /* GludosUITests.swift in Sources */,
			);
			runOnlyForDeploymentPostprocessing = 0;
		};
/* End PBXSourcesBuildPhase section */

/* Begin PBXTargetDependency section */
		8AF818911CAF402F00B12A1E /* PBXTargetDependency */ = {
			isa = PBXTargetDependency;
			target = 8AF818771CAF402E00B12A1E /* Gludos */;
			targetProxy = 8AF818901CAF402F00B12A1E /* PBXContainerItemProxy */;
		};
		8AF8189C1CAF402F00B12A1E /* PBXTargetDependency */ = {
			isa = PBXTargetDependency;
			target = 8AF818771CAF402E00B12A1E /* Gludos */;
			targetProxy = 8AF8189B1CAF402F00B12A1E /* PBXContainerItemProxy */;
		};
/* End PBXTargetDependency section */

/* Begin PBXVariantGroup section */
		8AF8187F1CAF402E00B12A1E /* Main.storyboard */ = {
			isa = PBXVariantGroup;
			children = (
				8AF818801CAF402E00B12A1E /* Base */,
			);
			name = Main.storyboard;
			sourceTree = "<group>";
		};
		8AF818871CAF402E00B12A1E /* LaunchScreen.storyboard */ = {
			isa = PBXVariantGroup;
			children = (
				8AF818881CAF402E00B12A1E /* Base */,
			);
			name = LaunchScreen.storyboard;
			sourceTree = "<group>";
		};
/* End PBXVariantGroup section */

/* Begin XCBuildConfiguration section */
		8AF818A11CAF402F00B12A1E /* Debug */ = {
			isa = XCBuildConfiguration;
			buildSettings = {
				ALWAYS_SEARCH_USER_PATHS = NO;
				CLANG_ANALYZER_NONNULL = YES;
				CLANG_CXX_LANGUAGE_STANDARD = "gnu++0x";
				CLANG_CXX_LIBRARY = "libc++";
				CLANG_ENABLE_MODULES = YES;
				CLANG_ENABLE_OBJC_ARC = YES;
				CLANG_WARN_BOOL_CONVERSION = YES;
				CLANG_WARN_CONSTANT_CONVERSION = YES;
				CLANG_WARN_DIRECT_OBJC_ISA_USAGE = YES_ERROR;
				CLANG_WARN_EMPTY_BODY = YES;
				CLANG_WARN_ENUM_CONVERSION = YES;
				CLANG_WARN_INT_CONVERSION = YES;
				CLANG_WARN_OBJC_ROOT_CLASS = YES_ERROR;
				CLANG_WARN_UNREACHABLE_CODE = YES;
				CLANG_WARN__DUPLICATE_METHOD_MATCH = YES;
				"CODE_SIGN_IDENTITY[sdk=iphoneos*]" = "iPhone Developer";
				COPY_PHASE_STRIP = NO;
				DEBUG_INFORMATION_FORMAT = dwarf;
				ENABLE_STRICT_OBJC_MSGSEND = YES;
				ENABLE_TESTABILITY = YES;
				GCC_C_LANGUAGE_STANDARD = gnu99;
				GCC_DYNAMIC_NO_PIC = NO;
				GCC_NO_COMMON_BLOCKS = YES;
				GCC_OPTIMIZATION_LEVEL = 0;
				GCC_PREPROCESSOR_DEFINITIONS = (
					"DEBUG=1",
					"$(inherited)",
				);
				GCC_WARN_64_TO_32_BIT_CONVERSION = YES;
				GCC_WARN_ABOUT_RETURN_TYPE = YES_ERROR;
				GCC_WARN_UNDECLARED_SELECTOR = YES;
				GCC_WARN_UNINITIALIZED_AUTOS = YES_AGGRESSIVE;
				GCC_WARN_UNUSED_FUNCTION = YES;
				GCC_WARN_UNUSED_VARIABLE = YES;
				IPHONEOS_DEPLOYMENT_TARGET = 9.3;
				MTL_ENABLE_DEBUG_INFO = YES;
				ONLY_ACTIVE_ARCH = YES;
				SDKROOT = iphoneos;
				SWIFT_OPTIMIZATION_LEVEL = "-Onone";
				TARGETED_DEVICE_FAMILY = "1,2";
			};
			name = Debug;
		};
		8AF818A21CAF402F00B12A1E /* Release */ = {
			isa = XCBuildConfiguration;
			buildSettings = {
				ALWAYS_SEARCH_USER_PATHS = NO;
				CLANG_ANALYZER_NONNULL = YES;
				CLANG_CXX_LANGUAGE_STANDARD = "gnu++0x";
				CLANG_CXX_LIBRARY = "libc++";
				CLANG_ENABLE_MODULES = YES;
				CLANG_ENABLE_OBJC_ARC = YES;
				CLANG_WARN_BOOL_CONVERSION = YES;
				CLANG_WARN_CONSTANT_CONVERSION = YES;
				CLANG_WARN_DIRECT_OBJC_ISA_USAGE = YES_ERROR;
				CLANG_WARN_EMPTY_BODY = YES;
				CLANG_WARN_ENUM_CONVERSION = YES;
				CLANG_WARN_INT_CONVERSION = YES;
				CLANG_WARN_OBJC_ROOT_CLASS = YES_ERROR;
				CLANG_WARN_UNREACHABLE_CODE = YES;
				CLANG_WARN__DUPLICATE_METHOD_MATCH = YES;
				"CODE_SIGN_IDENTITY[sdk=iphoneos*]" = "iPhone Developer";
				COPY_PHASE_STRIP = NO;
				DEBUG_INFORMATION_FORMAT = "dwarf-with-dsym";
				ENABLE_NS_ASSERTIONS = NO;
				ENABLE_STRICT_OBJC_MSGSEND = YES;
				GCC_C_LANGUAGE_STANDARD = gnu99;
				GCC_NO_COMMON_BLOCKS = YES;
				GCC_WARN_64_TO_32_BIT_CONVERSION = YES;
				GCC_WARN_ABOUT_RETURN_TYPE = YES_ERROR;
				GCC_WARN_UNDECLARED_SELECTOR = YES;
				GCC_WARN_UNINITIALIZED_AUTOS = YES_AGGRESSIVE;
				GCC_WARN_UNUSED_FUNCTION = YES;
				GCC_WARN_UNUSED_VARIABLE = YES;
				IPHONEOS_DEPLOYMENT_TARGET = 9.3;
				MTL_ENABLE_DEBUG_INFO = NO;
				SDKROOT = iphoneos;
				TARGETED_DEVICE_FAMILY = "1,2";
				VALIDATE_PRODUCT = YES;
			};
			name = Release;
		};
		8AF818A41CAF402F00B12A1E /* Debug */ = {
			isa = XCBuildConfiguration;
			buildSettings = {
				ASSETCATALOG_COMPILER_APPICON_NAME = AppIcon;
				INFOPLIST_FILE = Gludos/Info.plist;
				LD_RUNPATH_SEARCH_PATHS = "$(inherited) @executable_path/Frameworks";
				PRODUCT_BUNDLE_IDENTIFIER = com.bittank.Gludos;
				PRODUCT_NAME = "$(TARGET_NAME)";
			};
			name = Debug;
		};
		8AF818A51CAF402F00B12A1E /* Release */ = {
			isa = XCBuildConfiguration;
			buildSettings = {
				ASSETCATALOG_COMPILER_APPICON_NAME = AppIcon;
				INFOPLIST_FILE = Gludos/Info.plist;
				LD_RUNPATH_SEARCH_PATHS = "$(inherited) @executable_path/Frameworks";
				PRODUCT_BUNDLE_IDENTIFIER = com.bittank.Gludos;
				PRODUCT_NAME = "$(TARGET_NAME)";
			};
			name = Release;
		};
		8AF818A71CAF402F00B12A1E /* Debug */ = {
			isa = XCBuildConfiguration;
			buildSettings = {
				BUNDLE_LOADER = "$(TEST_HOST)";
				INFOPLIST_FILE = GludosTests/Info.plist;
				LD_RUNPATH_SEARCH_PATHS = "$(inherited) @executable_path/Frameworks @loader_path/Frameworks";
				PRODUCT_BUNDLE_IDENTIFIER = com.bittank.GludosTests;
				PRODUCT_NAME = "$(TARGET_NAME)";
				TEST_HOST = "$(BUILT_PRODUCTS_DIR)/Gludos.app/Gludos";
			};
			name = Debug;
		};
		8AF818A81CAF402F00B12A1E /* Release */ = {
			isa = XCBuildConfiguration;
			buildSettings = {
				BUNDLE_LOADER = "$(TEST_HOST)";
				INFOPLIST_FILE = GludosTests/Info.plist;
				LD_RUNPATH_SEARCH_PATHS = "$(inherited) @executable_path/Frameworks @loader_path/Frameworks";
				PRODUCT_BUNDLE_IDENTIFIER = com.bittank.GludosTests;
				PRODUCT_NAME = "$(TARGET_NAME)";
				TEST_HOST = "$(BUILT_PRODUCTS_DIR)/Gludos.app/Gludos";
			};
			name = Release;
		};
		8AF818AA1CAF402F00B12A1E /* Debug */ = {
			isa = XCBuildConfiguration;
			buildSettings = {
				INFOPLIST_FILE = GludosUITests/Info.plist;
				LD_RUNPATH_SEARCH_PATHS = "$(inherited) @executable_path/Frameworks @loader_path/Frameworks";
				PRODUCT_BUNDLE_IDENTIFIER = com.bittank.GludosUITests;
				PRODUCT_NAME = "$(TARGET_NAME)";
				TEST_TARGET_NAME = Gludos;
			};
			name = Debug;
		};
		8AF818AB1CAF402F00B12A1E /* Release */ = {
			isa = XCBuildConfiguration;
			buildSettings = {
				INFOPLIST_FILE = GludosUITests/Info.plist;
				LD_RUNPATH_SEARCH_PATHS = "$(inherited) @executable_path/Frameworks @loader_path/Frameworks";
				PRODUCT_BUNDLE_IDENTIFIER = com.bittank.GludosUITests;
				PRODUCT_NAME = "$(TARGET_NAME)";
				TEST_TARGET_NAME = Gludos;
			};
			name = Release;
		};
/* End XCBuildConfiguration section */

/* Begin XCConfigurationList section */
		8AF818731CAF402E00B12A1E /* Build configuration list for PBXProject "Gludos" */ = {
			isa = XCConfigurationList;
			buildConfigurations = (
				8AF818A11CAF402F00B12A1E /* Debug */,
				8AF818A21CAF402F00B12A1E /* Release */,
			);
			defaultConfigurationIsVisible = 0;
			defaultConfigurationName = Release;
		};
		8AF818A31CAF402F00B12A1E /* Build configuration list for PBXNativeTarget "Gludos" */ = {
			isa = XCConfigurationList;
			buildConfigurations = (
				8AF818A41CAF402F00B12A1E /* Debug */,
				8AF818A51CAF402F00B12A1E /* Release */,
			);
			defaultConfigurationIsVisible = 0;
		};
		8AF818A61CAF402F00B12A1E /* Build configuration list for PBXNativeTarget "GludosTests" */ = {
			isa = XCConfigurationList;
			buildConfigurations = (
				8AF818A71CAF402F00B12A1E /* Debug */,
				8AF818A81CAF402F00B12A1E /* Release */,
			);
			defaultConfigurationIsVisible = 0;
		};
		8AF818A91CAF402F00B12A1E /* Build configuration list for PBXNativeTarget "GludosUITests" */ = {
			isa = XCConfigurationList;
			buildConfigurations = (
				8AF818AA1CAF402F00B12A1E /* Debug */,
				8AF818AB1CAF402F00B12A1E /* Release */,
			);
			defaultConfigurationIsVisible = 0;
		};
/* End XCConfigurationList section */

/* Begin XCVersionGroup section */
		8AF818821CAF402E00B12A1E /* Gludos.xcdatamodeld */ = {
			isa = XCVersionGroup;
			children = (
				8AF818831CAF402E00B12A1E /* Gludos.xcdatamodel */,
			);
			currentVersion = 8AF818831CAF402E00B12A1E /* Gludos.xcdatamodel */;
			path = Gludos.xcdatamodeld;
			sourceTree = "<group>";
			versionGroupType = wrapper.xcdatamodel;
		};
/* End XCVersionGroup section */
	};
	rootObject = 8AF818701CAF402E00B12A1E /* Project object */;
}
